
Microsoft Visual Studio Solution File, Format Version 12.00
# Visual Studio Version 16
VisualStudioVersion = 16.0.30320.27
MinimumVisualStudioVersion = 10.0.40219.1
Project("{8BC9CEB8-8B4A-11D0-8D11-00A0C91BC942}") = "struct", "struct\struct.vcxproj", "{3B20F434-0DFC-435B-AA2D-FFB551D66253}"
EndProject
Project("{8BC9CEB8-8B4A-11D0-8D11-00A0C91BC942}") = "Openjudge 生日相同", "Openjudge 生日相同\Openjudge 生日相同.vcxproj", "{B2369044-DFE3-48E5-8703-9680390D147A}"
EndProject
Project("{8BC9CEB8-8B4A-11D0-8D11-00A0C91BC942}") = "结构, 基本数据类型!", "结构, 基本数据类型!\结构, 基本数据类型!.vcxproj", "{6F903F9B-182A-4CFE-9E6D-90B218E0B0F9}"
EndProject
Project("{8BC9CEB8-8B4A-11D0-8D11-00A0C91BC942}") = "复合字面量", "复合字面量\复合字面量.vcxproj", "{102C7934-DDAE-4C0E-B887-8FA8F7653BA9}"
EndProject
Project("{8BC9CEB8-8B4A-11D0-8D11-00A0C91BC942}") = "联合", "联合\联合.vcxproj", "{061FC860-AD4E-4918-B550-1B64C85C3671}"
EndProject
Global
	GlobalSection(SolutionConfigurationPlatforms) = preSolution
		Debug|x64 = Debug|x64
		Debug|x86 = Debug|x86
		Release|x64 = Release|x64
		Release|x86 = Release|x86
	EndGlobalSection
	GlobalSection(ProjectConfigurationPlatforms) = postSolution
		{3B20F434-0DFC-435B-AA2D-FFB551D66253}.Debug|x64.ActiveCfg = Debug|x64
		{3B20F434-0DFC-435B-AA2D-FFB551D66253}.Debug|x64.Build.0 = Debug|x64
		{3B20F434-0DFC-435B-AA2D-FFB551D66253}.Debug|x86.ActiveCfg = Debug|Win32
		{3B20F434-0DFC-435B-AA2D-FFB551D66253}.Debug|x86.Build.0 = Debug|Win32
		{3B20F434-0DFC-435B-AA2D-FFB551D66253}.Release|x64.ActiveCfg = Release|x64
		{3B20F434-0DFC-435B-AA2D-FFB551D66253}.Release|x64.Build.0 = Release|x64
		{3B20F434-0DFC-435B-AA2D-FFB551D66253}.Release|x86.ActiveCfg = Release|Win32
		{3B20F434-0DFC-435B-AA2D-FFB551D66253}.Release|x86.Build.0 = Release|Win32
		{B2369044-DFE3-48E5-8703-9680390D147A}.Debug|x64.ActiveCfg = Debug|x64
		{B2369044-DFE3-48E5-8703-9680390D147A}.Debug|x64.Build.0 = Debug|x64
		{B2369044-DFE3-48E5-8703-9680390D147A}.Debug|x86.ActiveCfg = Debug|Win32
		{B2369044-DFE3-48E5-8703-9680390D147A}.Debug|x86.Build.0 = Debug|Win32
		{B2369044-DFE3-48E5-8703-9680390D147A}.Release|x64.ActiveCfg = Release|x64
		{B2369044-DFE3-48E5-8703-9680390D147A}.Release|x64.Build.0 = Release|x64
		{B2369044-DFE3-48E5-8703-9680390D147A}.Release|x86.ActiveCfg = Release|Win32
		{B2369044-DFE3-48E5-8703-9680390D147A}.Release|x86.Build.0 = Release|Win32
		{6F903F9B-182A-4CFE-9E6D-90B218E0B0F9}.Debug|x64.ActiveCfg = Debug|x64
		{6F903F9B-182A-4CFE-9E6D-90B218E0B0F9}.Debug|x64.Build.0 = Debug|x64
		{6F903F9B-182A-4CFE-9E6D-90B218E0B0F9}.Debug|x86.ActiveCfg = Debug|Win32
		{6F903F9B-182A-4CFE-9E6D-90B218E0B0F9}.Debug|x86.Build.0 = Debug|Win32
		{6F903F9B-182A-4CFE-9E6D-90B218E0B0F9}.Release|x64.ActiveCfg = Release|x64
		{6F903F9B-182A-4CFE-9E6D-90B218E0B0F9}.Release|x64.Build.0 = Release|x64
		{6F903F9B-182A-4CFE-9E6D-90B218E0B0F9}.Release|x86.ActiveCfg = Release|Win32
		{6F903F9B-182A-4CFE-9E6D-90B218E0B0F9}.Release|x86.Build.0 = Release|Win32
		{102C7934-DDAE-4C0E-B887-8FA8F7653BA9}.Debug|x64.ActiveCfg = Debug|x64
		{102C7934-DDAE-4C0E-B887-8FA8F7653BA9}.Debug|x64.Build.0 = Debug|x64
		{102C7934-DDAE-4C0E-B887-8FA8F7653BA9}.Debug|x86.ActiveCfg = Debug|Win32
		{102C7934-DDAE-4C0E-B887-8FA8F7653BA9}.Debug|x86.Build.0 = Debug|Win32
		{102C7934-DDAE-4C0E-B887-8FA8F7653BA9}.Release|x64.ActiveCfg = Release|x64
		{102C7934-DDAE-4C0E-B887-8FA8F7653BA9}.Release|x64.Build.0 = Release|x64
		{102C7934-DDAE-4C0E-B887-8FA8F7653BA9}.Release|x86.ActiveCfg = Release|Win32
		{102C7934-DDAE-4C0E-B887-8FA8F7653BA9}.Release|x86.Build.0 = Release|Win32
		{061FC860-AD4E-4918-B550-1B64C85C3671}.Debug|x64.ActiveCfg = Debug|x64
		{061FC860-AD4E-4918-B550-1B64C85C3671}.Debug|x64.Build.0 = Debug|x64
		{061FC860-AD4E-4918-B550-1B64C85C3671}.Debug|x86.ActiveCfg = Debug|Win32
		{061FC860-AD4E-4918-B550-1B64C85C3671}.Debug|x86.Build.0 = Debug|Win32
		{061FC860-AD4E-4918-B550-1B64C85C3671}.Release|x64.ActiveCfg = Release|x64
		{061FC860-AD4E-4918-B550-1B64C85C3671}.Release|x64.Build.0 = Release|x64
		{061FC860-AD4E-4918-B550-1B64C85C3671}.Release|x86.ActiveCfg = Release|Win32
		{061FC860-AD4E-4918-B550-1B64C85C3671}.Release|x86.Build.0 = Release|Win32
	EndGlobalSection
	GlobalSection(SolutionProperties) = preSolution
		HideSolutionNode = FALSE
	EndGlobalSection
	GlobalSection(ExtensibilityGlobals) = postSolution
		SolutionGuid = {18AC8363-46F5-4202-A584-2D4F8315A9E1}
	EndGlobalSection
EndGlobal
