
Microsoft Visual Studio Solution File, Format Version 12.00
# Visual Studio Version 16
VisualStudioVersion = 16.0.30406.217
MinimumVisualStudioVersion = 10.0.40219.1
Project("{8BC9CEB8-8B4A-11D0-8D11-00A0C91BC942}") = "空项目", "空项目\空项目.vcxproj", "{BC8E2E8C-233A-45FE-93AB-468AF4EA1BFF}"
EndProject
Project("{8BC9CEB8-8B4A-11D0-8D11-00A0C91BC942}") = "控制台应用", "控制台应用\控制台应用.vcxproj", "{FD4BF120-1EE9-4D4F-AD67-BD6361984CAD}"
EndProject
Project("{8BC9CEB8-8B4A-11D0-8D11-00A0C91BC942}") = "Windows 桌面应用程序", "Windows 桌面应用程序\Windows 桌面应用程序.vcxproj", "{E708D3EA-2923-47AE-A91A-4FB2D11E7CCD}"
EndProject
Project("{8BC9CEB8-8B4A-11D0-8D11-00A0C91BC942}") = "Windows 桌面向导0 MFC标头", "Windows 桌面向导0 MFC标头\Windows 桌面向导0 MFC标头.vcxproj", "{344BC910-6EDA-47E3-B82F-966D9C0228B9}"
EndProject
Project("{8BC9CEB8-8B4A-11D0-8D11-00A0C91BC942}") = "Windows 桌面向导0 预编译标头", "Windows 桌面向导0 预编译标头\Windows 桌面向导0 预编译标头.vcxproj", "{DA0A030F-5249-420D-BDF3-CF05F9BFE685}"
EndProject
Project("{8BC9CEB8-8B4A-11D0-8D11-00A0C91BC942}") = "Windows 桌面向导1 空项目", "Windows 桌面向导1 空项目\Windows 桌面向导1 空项目.vcxproj", "{DCFF64ED-3F1C-4F0A-82E1-64B8C1F50280}"
EndProject
Project("{8BC9CEB8-8B4A-11D0-8D11-00A0C91BC942}") = "Windows 桌面向导", "Windows 桌面向导\Windows 桌面向导.vcxproj", "{8C62ED1F-06ED-433A-86BD-ECE1234382C4}"
EndProject
Project("{8BC9CEB8-8B4A-11D0-8D11-00A0C91BC942}") = "动态链接库", "动态链接库\动态链接库.vcxproj", "{31B80CCA-DD3E-4F3D-9CF9-8F3842FB925C}"
EndProject
Project("{8BC9CEB8-8B4A-11D0-8D11-00A0C91BC942}") = "静态库", "静态库\静态库.vcxproj", "{5A8D8395-2CA6-44F6-9AB0-979B404D3691}"
EndProject
Project("{8BC9CEB8-8B4A-11D0-8D11-00A0C91BC942}") = "Windows 桌面向导3", "Windows 桌面向导3\Windows 桌面向导3.vcxproj", "{CA246627-BF90-4302-81C4-9B477A018DA8}"
EndProject
Project("{8BC9CEB8-8B4A-11D0-8D11-00A0C91BC942}") = "Windows 桌面向导2 导出标号", "Windows 桌面向导2 导出标号\Windows 桌面向导2 导出标号.vcxproj", "{ACD138F2-BAC2-464C-A8BC-3349F637EB03}"
EndProject
Project("{8BC9CEB8-8B4A-11D0-8D11-00A0C91BC942}") = "空白应用", "空白应用\空白应用.vcxproj", "{57FDCCBB-750F-4115-A5AE-C235DF3F76C9}"
EndProject
Project("{8BC9CEB8-8B4A-11D0-8D11-00A0C91BC942}") = "DirectX 11 和 XAML 应用", "DirectX 11 和 XAML 应用\DirectX 11 和 XAML 应用.vcxproj", "{2F96CD86-7E43-443D-9E03-F36C6C4E99F6}"
EndProject
Global
	GlobalSection(SolutionConfigurationPlatforms) = preSolution
		Debug|ARM = Debug|ARM
		Debug|ARM64 = Debug|ARM64
		Debug|x64 = Debug|x64
		Debug|x86 = Debug|x86
		Release|ARM = Release|ARM
		Release|ARM64 = Release|ARM64
		Release|x64 = Release|x64
		Release|x86 = Release|x86
	EndGlobalSection
	GlobalSection(ProjectConfigurationPlatforms) = postSolution
		{BC8E2E8C-233A-45FE-93AB-468AF4EA1BFF}.Debug|ARM.ActiveCfg = Debug|Win32
		{BC8E2E8C-233A-45FE-93AB-468AF4EA1BFF}.Debug|ARM64.ActiveCfg = Debug|Win32
		{BC8E2E8C-233A-45FE-93AB-468AF4EA1BFF}.Debug|x64.ActiveCfg = Debug|x64
		{BC8E2E8C-233A-45FE-93AB-468AF4EA1BFF}.Debug|x64.Build.0 = Debug|x64
		{BC8E2E8C-233A-45FE-93AB-468AF4EA1BFF}.Debug|x86.ActiveCfg = Debug|Win32
		{BC8E2E8C-233A-45FE-93AB-468AF4EA1BFF}.Debug|x86.Build.0 = Debug|Win32
		{BC8E2E8C-233A-45FE-93AB-468AF4EA1BFF}.Release|ARM.ActiveCfg = Release|Win32
		{BC8E2E8C-233A-45FE-93AB-468AF4EA1BFF}.Release|ARM64.ActiveCfg = Release|Win32
		{BC8E2E8C-233A-45FE-93AB-468AF4EA1BFF}.Release|x64.ActiveCfg = Release|x64
		{BC8E2E8C-233A-45FE-93AB-468AF4EA1BFF}.Release|x64.Build.0 = Release|x64
		{BC8E2E8C-233A-45FE-93AB-468AF4EA1BFF}.Release|x86.ActiveCfg = Release|Win32
		{BC8E2E8C-233A-45FE-93AB-468AF4EA1BFF}.Release|x86.Build.0 = Release|Win32
		{FD4BF120-1EE9-4D4F-AD67-BD6361984CAD}.Debug|ARM.ActiveCfg = Debug|Win32
		{FD4BF120-1EE9-4D4F-AD67-BD6361984CAD}.Debug|ARM64.ActiveCfg = Debug|Win32
		{FD4BF120-1EE9-4D4F-AD67-BD6361984CAD}.Debug|x64.ActiveCfg = Debug|x64
		{FD4BF120-1EE9-4D4F-AD67-BD6361984CAD}.Debug|x64.Build.0 = Debug|x64
		{FD4BF120-1EE9-4D4F-AD67-BD6361984CAD}.Debug|x86.ActiveCfg = Debug|Win32
		{FD4BF120-1EE9-4D4F-AD67-BD6361984CAD}.Debug|x86.Build.0 = Debug|Win32
		{FD4BF120-1EE9-4D4F-AD67-BD6361984CAD}.Release|ARM.ActiveCfg = Release|Win32
		{FD4BF120-1EE9-4D4F-AD67-BD6361984CAD}.Release|ARM64.ActiveCfg = Release|Win32
		{FD4BF120-1EE9-4D4F-AD67-BD6361984CAD}.Release|x64.ActiveCfg = Release|x64
		{FD4BF120-1EE9-4D4F-AD67-BD6361984CAD}.Release|x64.Build.0 = Release|x64
		{FD4BF120-1EE9-4D4F-AD67-BD6361984CAD}.Release|x86.ActiveCfg = Release|Win32
		{FD4BF120-1EE9-4D4F-AD67-BD6361984CAD}.Release|x86.Build.0 = Release|Win32
		{E708D3EA-2923-47AE-A91A-4FB2D11E7CCD}.Debug|ARM.ActiveCfg = Debug|Win32
		{E708D3EA-2923-47AE-A91A-4FB2D11E7CCD}.Debug|ARM64.ActiveCfg = Debug|Win32
		{E708D3EA-2923-47AE-A91A-4FB2D11E7CCD}.Debug|x64.ActiveCfg = Debug|x64
		{E708D3EA-2923-47AE-A91A-4FB2D11E7CCD}.Debug|x64.Build.0 = Debug|x64
		{E708D3EA-2923-47AE-A91A-4FB2D11E7CCD}.Debug|x86.ActiveCfg = Debug|Win32
		{E708D3EA-2923-47AE-A91A-4FB2D11E7CCD}.Debug|x86.Build.0 = Debug|Win32
		{E708D3EA-2923-47AE-A91A-4FB2D11E7CCD}.Release|ARM.ActiveCfg = Release|Win32
		{E708D3EA-2923-47AE-A91A-4FB2D11E7CCD}.Release|ARM64.ActiveCfg = Release|Win32
		{E708D3EA-2923-47AE-A91A-4FB2D11E7CCD}.Release|x64.ActiveCfg = Release|x64
		{E708D3EA-2923-47AE-A91A-4FB2D11E7CCD}.Release|x64.Build.0 = Release|x64
		{E708D3EA-2923-47AE-A91A-4FB2D11E7CCD}.Release|x86.ActiveCfg = Release|Win32
		{E708D3EA-2923-47AE-A91A-4FB2D11E7CCD}.Release|x86.Build.0 = Release|Win32
		{344BC910-6EDA-47E3-B82F-966D9C0228B9}.Debug|ARM.ActiveCfg = Debug|Win32
		{344BC910-6EDA-47E3-B82F-966D9C0228B9}.Debug|ARM64.ActiveCfg = Debug|Win32
		{344BC910-6EDA-47E3-B82F-966D9C0228B9}.Debug|x64.ActiveCfg = Debug|x64
		{344BC910-6EDA-47E3-B82F-966D9C0228B9}.Debug|x64.Build.0 = Debug|x64
		{344BC910-6EDA-47E3-B82F-966D9C0228B9}.Debug|x86.ActiveCfg = Debug|Win32
		{344BC910-6EDA-47E3-B82F-966D9C0228B9}.Debug|x86.Build.0 = Debug|Win32
		{344BC910-6EDA-47E3-B82F-966D9C0228B9}.Release|ARM.ActiveCfg = Release|Win32
		{344BC910-6EDA-47E3-B82F-966D9C0228B9}.Release|ARM64.ActiveCfg = Release|Win32
		{344BC910-6EDA-47E3-B82F-966D9C0228B9}.Release|x64.ActiveCfg = Release|x64
		{344BC910-6EDA-47E3-B82F-966D9C0228B9}.Release|x64.Build.0 = Release|x64
		{344BC910-6EDA-47E3-B82F-966D9C0228B9}.Release|x86.ActiveCfg = Release|Win32
		{344BC910-6EDA-47E3-B82F-966D9C0228B9}.Release|x86.Build.0 = Release|Win32
		{DA0A030F-5249-420D-BDF3-CF05F9BFE685}.Debug|ARM.ActiveCfg = Debug|Win32
		{DA0A030F-5249-420D-BDF3-CF05F9BFE685}.Debug|ARM64.ActiveCfg = Debug|Win32
		{DA0A030F-5249-420D-BDF3-CF05F9BFE685}.Debug|x64.ActiveCfg = Debug|x64
		{DA0A030F-5249-420D-BDF3-CF05F9BFE685}.Debug|x64.Build.0 = Debug|x64
		{DA0A030F-5249-420D-BDF3-CF05F9BFE685}.Debug|x86.ActiveCfg = Debug|Win32
		{DA0A030F-5249-420D-BDF3-CF05F9BFE685}.Debug|x86.Build.0 = Debug|Win32
		{DA0A030F-5249-420D-BDF3-CF05F9BFE685}.Release|ARM.ActiveCfg = Release|Win32
		{DA0A030F-5249-420D-BDF3-CF05F9BFE685}.Release|ARM64.ActiveCfg = Release|Win32
		{DA0A030F-5249-420D-BDF3-CF05F9BFE685}.Release|x64.ActiveCfg = Release|x64
		{DA0A030F-5249-420D-BDF3-CF05F9BFE685}.Release|x64.Build.0 = Release|x64
		{DA0A030F-5249-420D-BDF3-CF05F9BFE685}.Release|x86.ActiveCfg = Release|Win32
		{DA0A030F-5249-420D-BDF3-CF05F9BFE685}.Release|x86.Build.0 = Release|Win32
		{DCFF64ED-3F1C-4F0A-82E1-64B8C1F50280}.Debug|ARM.ActiveCfg = Debug|Win32
		{DCFF64ED-3F1C-4F0A-82E1-64B8C1F50280}.Debug|ARM64.ActiveCfg = Debug|Win32
		{DCFF64ED-3F1C-4F0A-82E1-64B8C1F50280}.Debug|x64.ActiveCfg = Debug|x64
		{DCFF64ED-3F1C-4F0A-82E1-64B8C1F50280}.Debug|x64.Build.0 = Debug|x64
		{DCFF64ED-3F1C-4F0A-82E1-64B8C1F50280}.Debug|x86.ActiveCfg = Debug|Win32
		{DCFF64ED-3F1C-4F0A-82E1-64B8C1F50280}.Debug|x86.Build.0 = Debug|Win32
		{DCFF64ED-3F1C-4F0A-82E1-64B8C1F50280}.Release|ARM.ActiveCfg = Release|Win32
		{DCFF64ED-3F1C-4F0A-82E1-64B8C1F50280}.Release|ARM64.ActiveCfg = Release|Win32
		{DCFF64ED-3F1C-4F0A-82E1-64B8C1F50280}.Release|x64.ActiveCfg = Release|x64
		{DCFF64ED-3F1C-4F0A-82E1-64B8C1F50280}.Release|x64.Build.0 = Release|x64
		{DCFF64ED-3F1C-4F0A-82E1-64B8C1F50280}.Release|x86.ActiveCfg = Release|Win32
		{DCFF64ED-3F1C-4F0A-82E1-64B8C1F50280}.Release|x86.Build.0 = Release|Win32
		{8C62ED1F-06ED-433A-86BD-ECE1234382C4}.Debug|ARM.ActiveCfg = Debug|Win32
		{8C62ED1F-06ED-433A-86BD-ECE1234382C4}.Debug|ARM64.ActiveCfg = Debug|Win32
		{8C62ED1F-06ED-433A-86BD-ECE1234382C4}.Debug|x64.ActiveCfg = Debug|x64
		{8C62ED1F-06ED-433A-86BD-ECE1234382C4}.Debug|x64.Build.0 = Debug|x64
		{8C62ED1F-06ED-433A-86BD-ECE1234382C4}.Debug|x86.ActiveCfg = Debug|Win32
		{8C62ED1F-06ED-433A-86BD-ECE1234382C4}.Debug|x86.Build.0 = Debug|Win32
		{8C62ED1F-06ED-433A-86BD-ECE1234382C4}.Release|ARM.ActiveCfg = Release|Win32
		{8C62ED1F-06ED-433A-86BD-ECE1234382C4}.Release|ARM64.ActiveCfg = Release|Win32
		{8C62ED1F-06ED-433A-86BD-ECE1234382C4}.Release|x64.ActiveCfg = Release|x64
		{8C62ED1F-06ED-433A-86BD-ECE1234382C4}.Release|x64.Build.0 = Release|x64
		{8C62ED1F-06ED-433A-86BD-ECE1234382C4}.Release|x86.ActiveCfg = Release|Win32
		{8C62ED1F-06ED-433A-86BD-ECE1234382C4}.Release|x86.Build.0 = Release|Win32
		{31B80CCA-DD3E-4F3D-9CF9-8F3842FB925C}.Debug|ARM.ActiveCfg = Debug|Win32
		{31B80CCA-DD3E-4F3D-9CF9-8F3842FB925C}.Debug|ARM64.ActiveCfg = Debug|Win32
		{31B80CCA-DD3E-4F3D-9CF9-8F3842FB925C}.Debug|x64.ActiveCfg = Debug|x64
		{31B80CCA-DD3E-4F3D-9CF9-8F3842FB925C}.Debug|x64.Build.0 = Debug|x64
		{31B80CCA-DD3E-4F3D-9CF9-8F3842FB925C}.Debug|x86.ActiveCfg = Debug|Win32
		{31B80CCA-DD3E-4F3D-9CF9-8F3842FB925C}.Debug|x86.Build.0 = Debug|Win32
		{31B80CCA-DD3E-4F3D-9CF9-8F3842FB925C}.Release|ARM.ActiveCfg = Release|Win32
		{31B80CCA-DD3E-4F3D-9CF9-8F3842FB925C}.Release|ARM64.ActiveCfg = Release|Win32
		{31B80CCA-DD3E-4F3D-9CF9-8F3842FB925C}.Release|x64.ActiveCfg = Release|x64
		{31B80CCA-DD3E-4F3D-9CF9-8F3842FB925C}.Release|x64.Build.0 = Release|x64
		{31B80CCA-DD3E-4F3D-9CF9-8F3842FB925C}.Release|x86.ActiveCfg = Release|Win32
		{31B80CCA-DD3E-4F3D-9CF9-8F3842FB925C}.Release|x86.Build.0 = Release|Win32
		{5A8D8395-2CA6-44F6-9AB0-979B404D3691}.Debug|ARM.ActiveCfg = Debug|Win32
		{5A8D8395-2CA6-44F6-9AB0-979B404D3691}.Debug|ARM64.ActiveCfg = Debug|Win32
		{5A8D8395-2CA6-44F6-9AB0-979B404D3691}.Debug|x64.ActiveCfg = Debug|x64
		{5A8D8395-2CA6-44F6-9AB0-979B404D3691}.Debug|x64.Build.0 = Debug|x64
		{5A8D8395-2CA6-44F6-9AB0-979B404D3691}.Debug|x86.ActiveCfg = Debug|Win32
		{5A8D8395-2CA6-44F6-9AB0-979B404D3691}.Debug|x86.Build.0 = Debug|Win32
		{5A8D8395-2CA6-44F6-9AB0-979B404D3691}.Release|ARM.ActiveCfg = Release|Win32
		{5A8D8395-2CA6-44F6-9AB0-979B404D3691}.Release|ARM64.ActiveCfg = Release|Win32
		{5A8D8395-2CA6-44F6-9AB0-979B404D3691}.Release|x64.ActiveCfg = Release|x64
		{5A8D8395-2CA6-44F6-9AB0-979B404D3691}.Release|x64.Build.0 = Release|x64
		{5A8D8395-2CA6-44F6-9AB0-979B404D3691}.Release|x86.ActiveCfg = Release|Win32
		{5A8D8395-2CA6-44F6-9AB0-979B404D3691}.Release|x86.Build.0 = Release|Win32
		{CA246627-BF90-4302-81C4-9B477A018DA8}.Debug|ARM.ActiveCfg = Debug|Win32
		{CA246627-BF90-4302-81C4-9B477A018DA8}.Debug|ARM64.ActiveCfg = Debug|Win32
		{CA246627-BF90-4302-81C4-9B477A018DA8}.Debug|x64.ActiveCfg = Debug|x64
		{CA246627-BF90-4302-81C4-9B477A018DA8}.Debug|x64.Build.0 = Debug|x64
		{CA246627-BF90-4302-81C4-9B477A018DA8}.Debug|x86.ActiveCfg = Debug|Win32
		{CA246627-BF90-4302-81C4-9B477A018DA8}.Debug|x86.Build.0 = Debug|Win32
		{CA246627-BF90-4302-81C4-9B477A018DA8}.Release|ARM.ActiveCfg = Release|Win32
		{CA246627-BF90-4302-81C4-9B477A018DA8}.Release|ARM64.ActiveCfg = Release|Win32
		{CA246627-BF90-4302-81C4-9B477A018DA8}.Release|x64.ActiveCfg = Release|x64
		{CA246627-BF90-4302-81C4-9B477A018DA8}.Release|x64.Build.0 = Release|x64
		{CA246627-BF90-4302-81C4-9B477A018DA8}.Release|x86.ActiveCfg = Release|Win32
		{CA246627-BF90-4302-81C4-9B477A018DA8}.Release|x86.Build.0 = Release|Win32
		{ACD138F2-BAC2-464C-A8BC-3349F637EB03}.Debug|ARM.ActiveCfg = Debug|Win32
		{ACD138F2-BAC2-464C-A8BC-3349F637EB03}.Debug|ARM64.ActiveCfg = Debug|Win32
		{ACD138F2-BAC2-464C-A8BC-3349F637EB03}.Debug|x64.ActiveCfg = Debug|x64
		{ACD138F2-BAC2-464C-A8BC-3349F637EB03}.Debug|x64.Build.0 = Debug|x64
		{ACD138F2-BAC2-464C-A8BC-3349F637EB03}.Debug|x86.ActiveCfg = Debug|Win32
		{ACD138F2-BAC2-464C-A8BC-3349F637EB03}.Debug|x86.Build.0 = Debug|Win32
		{ACD138F2-BAC2-464C-A8BC-3349F637EB03}.Release|ARM.ActiveCfg = Release|Win32
		{ACD138F2-BAC2-464C-A8BC-3349F637EB03}.Release|ARM64.ActiveCfg = Release|Win32
		{ACD138F2-BAC2-464C-A8BC-3349F637EB03}.Release|x64.ActiveCfg = Release|x64
		{ACD138F2-BAC2-464C-A8BC-3349F637EB03}.Release|x64.Build.0 = Release|x64
		{ACD138F2-BAC2-464C-A8BC-3349F637EB03}.Release|x86.ActiveCfg = Release|Win32
		{ACD138F2-BAC2-464C-A8BC-3349F637EB03}.Release|x86.Build.0 = Release|Win32
		{57FDCCBB-750F-4115-A5AE-C235DF3F76C9}.Debug|ARM.ActiveCfg = Debug|ARM
		{57FDCCBB-750F-4115-A5AE-C235DF3F76C9}.Debug|ARM.Build.0 = Debug|ARM
		{57FDCCBB-750F-4115-A5AE-C235DF3F76C9}.Debug|ARM.Deploy.0 = Debug|ARM
		{57FDCCBB-750F-4115-A5AE-C235DF3F76C9}.Debug|ARM64.ActiveCfg = Debug|ARM64
		{57FDCCBB-750F-4115-A5AE-C235DF3F76C9}.Debug|ARM64.Build.0 = Debug|ARM64
		{57FDCCBB-750F-4115-A5AE-C235DF3F76C9}.Debug|ARM64.Deploy.0 = Debug|ARM64
		{57FDCCBB-750F-4115-A5AE-C235DF3F76C9}.Debug|x64.ActiveCfg = Debug|x64
		{57FDCCBB-750F-4115-A5AE-C235DF3F76C9}.Debug|x64.Build.0 = Debug|x64
		{57FDCCBB-750F-4115-A5AE-C235DF3F76C9}.Debug|x64.Deploy.0 = Debug|x64
		{57FDCCBB-750F-4115-A5AE-C235DF3F76C9}.Debug|x86.ActiveCfg = Debug|Win32
		{57FDCCBB-750F-4115-A5AE-C235DF3F76C9}.Debug|x86.Build.0 = Debug|Win32
		{57FDCCBB-750F-4115-A5AE-C235DF3F76C9}.Debug|x86.Deploy.0 = Debug|Win32
		{57FDCCBB-750F-4115-A5AE-C235DF3F76C9}.Release|ARM.ActiveCfg = Release|ARM
		{57FDCCBB-750F-4115-A5AE-C235DF3F76C9}.Release|ARM.Build.0 = Release|ARM
		{57FDCCBB-750F-4115-A5AE-C235DF3F76C9}.Release|ARM.Deploy.0 = Release|ARM
		{57FDCCBB-750F-4115-A5AE-C235DF3F76C9}.Release|ARM64.ActiveCfg = Release|ARM64
		{57FDCCBB-750F-4115-A5AE-C235DF3F76C9}.Release|ARM64.Build.0 = Release|ARM64
		{57FDCCBB-750F-4115-A5AE-C235DF3F76C9}.Release|ARM64.Deploy.0 = Release|ARM64
		{57FDCCBB-750F-4115-A5AE-C235DF3F76C9}.Release|x64.ActiveCfg = Release|x64
		{57FDCCBB-750F-4115-A5AE-C235DF3F76C9}.Release|x64.Build.0 = Release|x64
		{57FDCCBB-750F-4115-A5AE-C235DF3F76C9}.Release|x64.Deploy.0 = Release|x64
		{57FDCCBB-750F-4115-A5AE-C235DF3F76C9}.Release|x86.ActiveCfg = Release|Win32
		{57FDCCBB-750F-4115-A5AE-C235DF3F76C9}.Release|x86.Build.0 = Release|Win32
		{57FDCCBB-750F-4115-A5AE-C235DF3F76C9}.Release|x86.Deploy.0 = Release|Win32
		{2F96CD86-7E43-443D-9E03-F36C6C4E99F6}.Debug|ARM.ActiveCfg = Debug|ARM
		{2F96CD86-7E43-443D-9E03-F36C6C4E99F6}.Debug|ARM.Build.0 = Debug|ARM
		{2F96CD86-7E43-443D-9E03-F36C6C4E99F6}.Debug|ARM.Deploy.0 = Debug|ARM
		{2F96CD86-7E43-443D-9E03-F36C6C4E99F6}.Debug|ARM64.ActiveCfg = Debug|ARM64
		{2F96CD86-7E43-443D-9E03-F36C6C4E99F6}.Debug|ARM64.Build.0 = Debug|ARM64
		{2F96CD86-7E43-443D-9E03-F36C6C4E99F6}.Debug|ARM64.Deploy.0 = Debug|ARM64
		{2F96CD86-7E43-443D-9E03-F36C6C4E99F6}.Debug|x64.ActiveCfg = Debug|x64
		{2F96CD86-7E43-443D-9E03-F36C6C4E99F6}.Debug|x64.Build.0 = Debug|x64
		{2F96CD86-7E43-443D-9E03-F36C6C4E99F6}.Debug|x64.Deploy.0 = Debug|x64
		{2F96CD86-7E43-443D-9E03-F36C6C4E99F6}.Debug|x86.ActiveCfg = Debug|Win32
		{2F96CD86-7E43-443D-9E03-F36C6C4E99F6}.Debug|x86.Build.0 = Debug|Win32
		{2F96CD86-7E43-443D-9E03-F36C6C4E99F6}.Debug|x86.Deploy.0 = Debug|Win32
		{2F96CD86-7E43-443D-9E03-F36C6C4E99F6}.Release|ARM.ActiveCfg = Release|ARM
		{2F96CD86-7E43-443D-9E03-F36C6C4E99F6}.Release|ARM.Build.0 = Release|ARM
		{2F96CD86-7E43-443D-9E03-F36C6C4E99F6}.Release|ARM.Deploy.0 = Release|ARM
		{2F96CD86-7E43-443D-9E03-F36C6C4E99F6}.Release|ARM64.ActiveCfg = Release|ARM64
		{2F96CD86-7E43-443D-9E03-F36C6C4E99F6}.Release|ARM64.Build.0 = Release|ARM64
		{2F96CD86-7E43-443D-9E03-F36C6C4E99F6}.Release|ARM64.Deploy.0 = Release|ARM64
		{2F96CD86-7E43-443D-9E03-F36C6C4E99F6}.Release|x64.ActiveCfg = Release|x64
		{2F96CD86-7E43-443D-9E03-F36C6C4E99F6}.Release|x64.Build.0 = Release|x64
		{2F96CD86-7E43-443D-9E03-F36C6C4E99F6}.Release|x64.Deploy.0 = Release|x64
		{2F96CD86-7E43-443D-9E03-F36C6C4E99F6}.Release|x86.ActiveCfg = Release|Win32
		{2F96CD86-7E43-443D-9E03-F36C6C4E99F6}.Release|x86.Build.0 = Release|Win32
		{2F96CD86-7E43-443D-9E03-F36C6C4E99F6}.Release|x86.Deploy.0 = Release|Win32
	EndGlobalSection
	GlobalSection(SolutionProperties) = preSolution
		HideSolutionNode = FALSE
	EndGlobalSection
	GlobalSection(ExtensibilityGlobals) = postSolution
		SolutionGuid = {672BC8FD-C2F4-402C-9EE9-46C169A22AD6}
	EndGlobalSection
EndGlobal
