
Microsoft Visual Studio Solution File, Format Version 12.00
# Visual Studio Version 16
VisualStudioVersion = 16.0.30320.27
MinimumVisualStudioVersion = 10.0.40219.1
Project("{8BC9CEB8-8B4A-11D0-8D11-00A0C91BC942}") = "数组和指针", "数组和指针\数组和指针.vcxproj", "{FC3F2BAE-FBBE-4777-AA18-583096DD9F8A}"
EndProject
Project("{8BC9CEB8-8B4A-11D0-8D11-00A0C91BC942}") = "地址", "地址\地址.vcxproj", "{A62EB728-1A0C-468A-92FB-269E61A67941}"
EndProject
Global
	GlobalSection(SolutionConfigurationPlatforms) = preSolution
		Debug|x64 = Debug|x64
		Debug|x86 = Debug|x86
		Release|x64 = Release|x64
		Release|x86 = Release|x86
	EndGlobalSection
	GlobalSection(ProjectConfigurationPlatforms) = postSolution
		{FC3F2BAE-FBBE-4777-AA18-583096DD9F8A}.Debug|x64.ActiveCfg = Debug|x64
		{FC3F2BAE-FBBE-4777-AA18-583096DD9F8A}.Debug|x64.Build.0 = Debug|x64
		{FC3F2BAE-FBBE-4777-AA18-583096DD9F8A}.Debug|x86.ActiveCfg = Debug|Win32
		{FC3F2BAE-FBBE-4777-AA18-583096DD9F8A}.Debug|x86.Build.0 = Debug|Win32
		{FC3F2BAE-FBBE-4777-AA18-583096DD9F8A}.Release|x64.ActiveCfg = Release|x64
		{FC3F2BAE-FBBE-4777-AA18-583096DD9F8A}.Release|x64.Build.0 = Release|x64
		{FC3F2BAE-FBBE-4777-AA18-583096DD9F8A}.Release|x86.ActiveCfg = Release|Win32
		{FC3F2BAE-FBBE-4777-AA18-583096DD9F8A}.Release|x86.Build.0 = Release|Win32
		{A62EB728-1A0C-468A-92FB-269E61A67941}.Debug|x64.ActiveCfg = Debug|x64
		{A62EB728-1A0C-468A-92FB-269E61A67941}.Debug|x64.Build.0 = Debug|x64
		{A62EB728-1A0C-468A-92FB-269E61A67941}.Debug|x86.ActiveCfg = Debug|Win32
		{A62EB728-1A0C-468A-92FB-269E61A67941}.Debug|x86.Build.0 = Debug|Win32
		{A62EB728-1A0C-468A-92FB-269E61A67941}.Release|x64.ActiveCfg = Release|x64
		{A62EB728-1A0C-468A-92FB-269E61A67941}.Release|x64.Build.0 = Release|x64
		{A62EB728-1A0C-468A-92FB-269E61A67941}.Release|x86.ActiveCfg = Release|Win32
		{A62EB728-1A0C-468A-92FB-269E61A67941}.Release|x86.Build.0 = Release|Win32
	EndGlobalSection
	GlobalSection(SolutionProperties) = preSolution
		HideSolutionNode = FALSE
	EndGlobalSection
	GlobalSection(ExtensibilityGlobals) = postSolution
		SolutionGuid = {57EA7340-6148-440A-B5EC-7B6FDDD13B74}
	EndGlobalSection
EndGlobal
