
Microsoft Visual Studio Solution File, Format Version 12.00
# Visual Studio Version 16
VisualStudioVersion = 16.0.30320.27
MinimumVisualStudioVersion = 10.0.40219.1
Project("{8BC9CEB8-8B4A-11D0-8D11-00A0C91BC942}") = "生命游戏", "生命游戏.vcxproj", "{F11955ED-9AD1-4CA3-BDD7-13BEF68204FC}"
EndProject
Global
	GlobalSection(SolutionConfigurationPlatforms) = preSolution
		Debug|x64 = Debug|x64
		Debug|x86 = Debug|x86
		Release|x64 = Release|x64
		Release|x86 = Release|x86
	EndGlobalSection
	GlobalSection(ProjectConfigurationPlatforms) = postSolution
		{F11955ED-9AD1-4CA3-BDD7-13BEF68204FC}.Debug|x64.ActiveCfg = Debug|x64
		{F11955ED-9AD1-4CA3-BDD7-13BEF68204FC}.Debug|x64.Build.0 = Debug|x64
		{F11955ED-9AD1-4CA3-BDD7-13BEF68204FC}.Debug|x86.ActiveCfg = Debug|Win32
		{F11955ED-9AD1-4CA3-BDD7-13BEF68204FC}.Debug|x86.Build.0 = Debug|Win32
		{F11955ED-9AD1-4CA3-BDD7-13BEF68204FC}.Release|x64.ActiveCfg = Release|x64
		{F11955ED-9AD1-4CA3-BDD7-13BEF68204FC}.Release|x64.Build.0 = Release|x64
		{F11955ED-9AD1-4CA3-BDD7-13BEF68204FC}.Release|x86.ActiveCfg = Release|Win32
		{F11955ED-9AD1-4CA3-BDD7-13BEF68204FC}.Release|x86.Build.0 = Release|Win32
	EndGlobalSection
	GlobalSection(SolutionProperties) = preSolution
		HideSolutionNode = FALSE
	EndGlobalSection
	GlobalSection(ExtensibilityGlobals) = postSolution
		SolutionGuid = {9B3E7D2F-1A76-49DD-A451-B6AA20064CB8}
	EndGlobalSection
EndGlobal
